github.com/HuKeping/rbtree v1.0.1 h1:u14dQbBeFlc8PAnyyaKmY6BLnjgR2Eq/VWE2pB20hZc=
github.com/HuKeping/rbtree v1.0.1/go.mod h1:2BStWbEvbyeaetkzQ+piwA6EGTmTgX7tal0dLYprQ0w=
github.com/cespare/xxhash/v2 v2.3.0 h1:UL815xU9SqsFlibzuggzjXhog7bL6oX9BbNZnL2UFvs=
github.com/cespare/xxhash/v2 v2.3.0/go.mod h1:VGX0DQ3Q6kWi7AoAeZDth3/j3BFtOZR5XLFGgcrjCOs=
github.com/davecgh/go-spew v1.1.1 h1:vj9j/u1bqnvCEfJOwUhtlOARqs3+rkHYY13jYWTU97c=
github.com/davecgh/go-spew v1.1.1/go.mod h1:J7Y8YcW2NihsgmVo/mv3lAwl/skON4iLHjSsI+c5H38=
github.com/elastic/go-freelru v0.13.0 h1:TKKY6yCfNNNky7Pj9xZAOEpBcdNgZJfihEftOb55omg=
github.com/elastic/go-freelru v0.13.0/go.mod h1:bSdWT4M0lW79K8QbX6XY2heQYSCqD7THoYf82pT/H3I=
github.com/emirpasic/gods v1.18.1 h1:FXtiHYKDGKCW2KzwZKx0iC0PQmdlorYgdFG9jPXJ1Bc=
github.com/emirpasic/gods v1.18.1/go.mod h1:8tpGGwCnJ5H4r6BWwaV6OrWmMoPhUl5jm/FMNAnJvWQ=
github.com/go-test/deep v1.1.0 h1:WOcxcdHcvdgThNXjw0t76K42FXTU7HpNQWHpA2HHNlg=
github.com/go-test/deep v1.1.0/go.mod h1:5C2ZWiW0ErCdrYzpqxLbTX7MG14M9iiw8DgHncVwcsE=
github.com/google/uuid v1.3.0 h1:t6JiXgmwXMjEs8VusXIJk2BXHsn+wx8BZdTaoZ5fu7I=
github.com/google/uuid v1.3.0/go.mod h1:TIyPZe4MgqvfeYDBFedMoGGpEw/LqOeaOT+nhxU+yHo=
github.com/gookit/color v1.5.4 h1:FZmqs7XOyGgCAxmWyPslpiok1k05wmY3SJTytgvYFs0=
github.com/gookit/color v1.5.4/go.mod h1:pZJOeOS8DM43rXbp4AZo1n9zCU2qjpcRko0b6/QJi9w=
github.com/heimdalr/dag v1.5.0 h1:hqVtijvY776P5OKP3QbdVBRt3Xxq6BYopz3XgklsGvo=
github.com/heimdalr/dag v1.5.0/go.mod h1:lthekrHl01dddmzqyBQ1YZbi7XcVGGzjFo0jIky5knc=
github.com/kkkunny/go-llvm v0.0.0-20241114151432-09fc04307b46 h1:OHbYr8ZX9itM751STBVMZ+9E8dEWKKFP7/ZxV4o4fNk=
github.com/kkkunny/go-llvm v0.0.0-20241114151432-09fc04307b46/go.mod h1:puB0yoojrYTG+E3ESl+RYF41FQgvg4E26x74Vdl1YoU=
github.com/kkkunny/go-llvm v0.0.0-20241117035322-098ceae18300 h1:sK6YQz5mzGPToVnut34kJFtrgPfvYYRKOCsJAmo0LA4=
github.com/kkkunny/go-llvm v0.0.0-20241117035322-098ceae18300/go.mod h1:puB0yoojrYTG+E3ESl+RYF41FQgvg4E26x74Vdl1YoU=
github.com/kkkunny/go-llvm v0.0.0-20241117064515-d879ac338339 h1:O1q2FSpBnSXBvwb9pwecavF4B8y+flzZ4dNbPAVUQcA=
github.com/kkkunny/go-llvm v0.0.0-20241117064515-d879ac338339/go.mod h1:puB0yoojrYTG+E3ESl+RYF41FQgvg4E26x74Vdl1YoU=
github.com/kkkunny/maphash v0.0.0-20241013073711-aff67359a91c h1:KQldlImkyfG4ptyXtzGgLZcMeQb1GVegJ4QzZ2fAewM=
github.com/kkkunny/maphash v0.0.0-20241013073711-aff67359a91c/go.mod h1:NZ7xS0DNYhr201BpEW4HK+aLpoCV47OBCq47C25LLtk=
github.com/kkkunny/stl v0.0.0-20241116043033-308ffc3d1d79 h1:gWOspbg5H5N20hJ5k61XllkFJRFFKQYu7UO/ApsDAOY=
github.com/kkkunny/stl v0.0.0-20241116043033-308ffc3d1d79/go.mod h1:K0PMQJ5hIq9qCNhfTR9UTXUh2njVCbM/elaBT7GS2i8=
github.com/kkkunny/swiss v0.0.0-20240930154237-41a03804fd4f h1:niQ7knPaxPP3nsCTPJVAErDJDxkeNTfaClJ8VzeCxuE=
github.com/kkkunny/swiss v0.0.0-20240930154237-41a03804fd4f/go.mod h1:jZCApXJmUhSPYnlTEcAZOXVruRxgCA3GgqMtjA1/QqE=
github.com/mattn/go-isatty v0.0.20 h1:xfD0iDuEKnDkl03q4limB+vH+GxLEtL/jb4xVJSWWEY=
github.com/mattn/go-isatty v0.0.20/go.mod h1:W+V8PltTTMOvKvAeJH7IuucS94S2C6jfK/D7dTCTo3Y=
github.com/mitchellh/go-homedir v1.1.0 h1:lukF9ziXFxDFPkA1vsr5zpc1XuPDn/wFntq5mG+4E0Y=
github.com/mitchellh/go-homedir v1.1.0/go.mod h1:SfyaCUpYCn1Vlf4IUYiD9fPX4A5wJrkLzIz1N1q0pr0=
github.com/pkg/errors v0.9.1 h1:FEBLx1zS214owpjy7qsBeixbURkuhQAwrK5UwLGTwt4=
github.com/pkg/errors v0.9.1/go.mod h1:bwawxfHBFNV+L2hUp1rHADufV3IMtnDRdf1r5NINEl0=
github.com/pmezard/go-difflib v1.0.0 h1:4DBwDE0NGyQoBHbLQYPwSUPoCMWR5BEzIk/f1lZbAQM=
github.com/pmezard/go-difflib v1.0.0/go.mod h1:iKH77koFhYxTK1pcRnkKkqfTogsbg7gZNVY4sRDYZ/4=
github.com/sakeven/RbTree v1.1.1 h1:uraKm67BJYqWDOWAYVOhPsRaMSJZqFF1+bQgaeCR3so=
github.com/sakeven/RbTree v1.1.1/go.mod h1:zwEumjdcK6Q/ky/gFPqMviw1p7ZUb+B3pU4ybgOHvns=
github.com/samber/lo v1.44.0 h1:5il56KxRE+GHsm1IR+sZ/6J42NODigFiqCWpSc2dybA=
github.com/samber/lo v1.44.0/go.mod h1:RmDH9Ct32Qy3gduHQuKJ3gW1fMHAnE/fAzQuf6He5cU=
github.com/segmentio/fasthash v1.0.3 h1:EI9+KE1EwvMLBWwjpRDc+fEM+prwxDYbslddQGtrmhM=
github.com/segmentio/fasthash v1.0.3/go.mod h1:waKX8l2N8yckOgmSsXJi7x1ZfdKZ4x7KRMzBtS3oedY=
github.com/stretchr/testify v1.8.4 h1:CcVxjf3Q8PM0mHUKJCdn+eZZtm5yQwehR5yeSVQQcUk=
github.com/stretchr/testify v1.8.4/go.mod h1:sz/lmYIOXD/1dqDmKjjqLyZ2RngseejIcXlSw2iwfAo=
github.com/xo/terminfo v0.0.0-20220910002029-abceb7e1c41e h1:JVG44RsyaB9T2KIHavMF/ppJZNG9ZpyihvCd0w101no=
github.com/xo/terminfo v0.0.0-20220910002029-abceb7e1c41e/go.mod h1:RbqR21r5mrJuqunuUZ/Dhy/avygyECGrLceyNeo4LiM=
github.com/zyedidia/generic v1.2.1 h1:Zv5KS/N2m0XZZiuLS82qheRG4X1o5gsWreGb0hR7XDc=
github.com/zyedidia/generic v1.2.1/go.mod h1:ly2RBz4mnz1yeuVbQA/VFwGjK3mnHGRj1JuoG336Bis=
golang.org/x/exp v0.0.0-20240808152545-0cdaa3abc0fa h1:ELnwvuAXPNtPk1TJRuGkI9fDTwym6AYBu0qzT8AcHdI=
golang.org/x/exp v0.0.0-20240808152545-0cdaa3abc0fa/go.mod h1:akd2r19cwCdwSwWeIdzYQGa/EZZyqcOdwWiwj5L5eKQ=
golang.org/x/sys v0.6.0/go.mod h1:oPkhp1MJrh7nUepCBck5+mAzfO9JrbApNNgaTdGDITg=
golang.org/x/sys v0.24.0 h1:Twjiwq9dn6R1fQcyiK+wQyHWfaz/BJB+YIpzU/Cv3Xg=
golang.org/x/sys v0.24.0/go.mod h1:/VUhepiaJMQUp4+oa/7Zr1D23ma6VTLIYjOOTFZPUcA=
golang.org/x/text v0.16.0 h1:a94ExnEXNtEwYLGJSIUxnWoxoRz/ZcCsV63ROupILh4=
golang.org/x/text v0.16.0/go.mod h1:GhwF1Be+LQoKShO3cGOHzqOgRrGaYc9AvblQOmPVHnI=
gopkg.in/yaml.v3 v3.0.1 h1:fxVm/GzAzEWqLHuvctI91KS9hhNmmWOoWu0XTYJS7CA=
gopkg.in/yaml.v3 v3.0.1/go.mod h1:K4uyk7z7BCEPqu6E+C64Yfv1cQ7kz7rIZviUmN+EgEM=
