github.com/davecgh/go-spew v1.1.1 h1:vj9j/u1bqnvCEfJOwUhtlOARqs3+rkHYY13jYWTU97c=
github.com/davecgh/go-spew v1.1.1/go.mod h1:J7Y8YcW2NihsgmVo/mv3lAwl/skON4iLHjSsI+c5H38=
github.com/gookit/color v1.5.4 h1:FZmqs7XOyGgCAxmWyPslpiok1k05wmY3SJTytgvYFs0=
github.com/gookit/color v1.5.4/go.mod h1:pZJOeOS8DM43rXbp4AZo1n9zCU2qjpcRko0b6/QJi9w=
github.com/kkkunny/go-llvm v0.0.0-20231029023034-4238b41ab3de h1:Q8qAcniSpcmSAFr0jq1C7Vsd4BaBhrWvdSRG4xDLoaQ=
github.com/kkkunny/go-llvm v0.0.0-20231029023034-4238b41ab3de/go.mod h1:3vOsdDMD0flAC4YHxfqUZ2juZ40oCI/5HBIVPKGLT34=
github.com/kkkunny/go-llvm v0.0.0-20231029080043-11e2cacced4e h1:CApsSsB6eefs3L9XdFUZTQR/60+DybGLdZCGPAoAj4E=
github.com/kkkunny/go-llvm v0.0.0-20231029080043-11e2cacced4e/go.mod h1:3vOsdDMD0flAC4YHxfqUZ2juZ40oCI/5HBIVPKGLT34=
github.com/kkkunny/go-llvm v0.0.0-20231029081839-ce1c02d4f793 h1:Fnr38UswgSQcNo2pdolJ3HZEOtsCC+57H3bYMN6rO6g=
github.com/kkkunny/go-llvm v0.0.0-20231029081839-ce1c02d4f793/go.mod h1:3vOsdDMD0flAC4YHxfqUZ2juZ40oCI/5HBIVPKGLT34=
github.com/kkkunny/stl v0.0.0-20231028054835-9e62588d115e h1:Ygjwutmv7EgJgYy8GsRa/2HHBEyLKlY/rUQoHaNb2Y8=
github.com/kkkunny/stl v0.0.0-20231028054835-9e62588d115e/go.mod h1:ejV1eqgIILdhe27rI/mF+8VLiifmVdzpv66Ha/5AI0U=
github.com/kkkunny/stl v0.0.0-20231105070625-21a1ed9e01ac h1:hTiw2nYqQpYTinU0cYRZgGYspybvQglSPg/wRc6YpEU=
github.com/kkkunny/stl v0.0.0-20231105070625-21a1ed9e01ac/go.mod h1:Ien6sco+xI1itcWSIMajp08+KTwOPvLSrLqSQLWDZwQ=
github.com/kkkunny/stl v0.0.0-20231111033653-0acbade52d11 h1:Y6u/zZRdGr9+h/gYG1ObEbSOOfTxZynuzkR0CaIjYTQ=
github.com/kkkunny/stl v0.0.0-20231111033653-0acbade52d11/go.mod h1:Ien6sco+xI1itcWSIMajp08+KTwOPvLSrLqSQLWDZwQ=
github.com/kkkunny/stl v0.0.0-20231111084838-6a19daab36bc h1:SENFck3OekVv5BXfBC1rQXDf85XN/ZiBHUihnSWuDYs=
github.com/kkkunny/stl v0.0.0-20231111084838-6a19daab36bc/go.mod h1:Ien6sco+xI1itcWSIMajp08+KTwOPvLSrLqSQLWDZwQ=
github.com/klauspost/cpuid/v2 v2.0.9 h1:lgaqFMSdTdQYdZ04uHyN2d/eKdOMyi2YLSvlQIBFYa4=
github.com/klauspost/cpuid/v2 v2.0.9/go.mod h1:FInQzS24/EEf25PyTYn52gqo7WaD8xa0213Md/qVLRg=
github.com/pmezard/go-difflib v1.0.0 h1:4DBwDE0NGyQoBHbLQYPwSUPoCMWR5BEzIk/f1lZbAQM=
github.com/pmezard/go-difflib v1.0.0/go.mod h1:iKH77koFhYxTK1pcRnkKkqfTogsbg7gZNVY4sRDYZ/4=
github.com/samber/lo v1.38.1 h1:j2XEAqXKb09Am4ebOg31SpvzUTTs6EN3VfgeLUhPdXM=
github.com/samber/lo v1.38.1/go.mod h1:+m/ZKRl6ClXCE2Lgf3MsQlWfh4bn1bz6CXEOxnEXnEA=
github.com/stretchr/testify v1.8.4 h1:CcVxjf3Q8PM0mHUKJCdn+eZZtm5yQwehR5yeSVQQcUk=
github.com/stretchr/testify v1.8.4/go.mod h1:sz/lmYIOXD/1dqDmKjjqLyZ2RngseejIcXlSw2iwfAo=
github.com/tidwall/hashmap v1.8.1 h1:hXNzBfSJ2Jwvt0lbkWD59O/r3OfatSIcbuWT0VKEVns=
github.com/tidwall/hashmap v1.8.1/go.mod h1:v+0qJrJn7l+l2dB8+fAFpC62p2G0SMP2Teu8ejkebg8=
github.com/xo/terminfo v0.0.0-20210125001918-ca9a967f8778 h1:QldyIu/L63oPpyvQmHgvgickp1Yw510KJOqX7H24mg8=
github.com/xo/terminfo v0.0.0-20210125001918-ca9a967f8778/go.mod h1:2MuV+tbUrU1zIOPMxZ5EncGwgmMJsa+9ucAQZXxsObs=
github.com/zeebo/assert v1.3.0 h1:g7C04CbJuIDKNPFHmsk4hwZDO5O+kntRxzaUoNXj+IQ=
github.com/zeebo/assert v1.3.0/go.mod h1:Pq9JiuJQpG8JLJdtkwrJESF0Foym2/D9XMU5ciN/wJ0=
github.com/zeebo/xxh3 v1.0.2 h1:xZmwmqxHZA8AI603jOQ0tMqmBr9lPeFwGg6d+xy9DC0=
github.com/zeebo/xxh3 v1.0.2/go.mod h1:5NWz9Sef7zIDm2JHfFlcQvNekmcEl9ekUZQQKCYaDcA=
golang.org/x/exp v0.0.0-20230905200255-921286631fa9 h1:GoHiUyI/Tp2nVkLI2mCxVkOjsbSXD66ic0XW0js0R9g=
golang.org/x/exp v0.0.0-20230905200255-921286631fa9/go.mod h1:S2oDrQGGwySpoQPVqRShND87VCbxmc6bL1Yd2oYrm6k=
golang.org/x/sys v0.12.0 h1:CM0HF96J0hcLAwsHPJZjfdNzs0gftsLfgKt57wWHJ0o=
golang.org/x/sys v0.12.0/go.mod h1:oPkhp1MJrh7nUepCBck5+mAzfO9JrbApNNgaTdGDITg=
gopkg.in/yaml.v3 v3.0.1 h1:fxVm/GzAzEWqLHuvctI91KS9hhNmmWOoWu0XTYJS7CA=
gopkg.in/yaml.v3 v3.0.1/go.mod h1:K4uyk7z7BCEPqu6E+C64Yfv1cQ7kz7rIZviUmN+EgEM=
