github.com/davecgh/go-spew v1.1.1 h1:vj9j/u1bqnvCEfJOwUhtlOARqs3+rkHYY13jYWTU97c=
github.com/davecgh/go-spew v1.1.1/go.mod h1:J7Y8YcW2NihsgmVo/mv3lAwl/skON4iLHjSsI+c5H38=
github.com/gookit/color v1.5.4 h1:FZmqs7XOyGgCAxmWyPslpiok1k05wmY3SJTytgvYFs0=
github.com/gookit/color v1.5.4/go.mod h1:pZJOeOS8DM43rXbp4AZo1n9zCU2qjpcRko0b6/QJi9w=
github.com/kkkunny/go-llvm v0.0.0-20231127122439-069c027c3a34 h1:IDT+33hCGYV3lZT7NE6fgYoEeyCVBAE2VkxyQ7RAKq0=
github.com/kkkunny/go-llvm v0.0.0-20231127122439-069c027c3a34/go.mod h1:3vOsdDMD0flAC4YHxfqUZ2juZ40oCI/5HBIVPKGLT34=
github.com/kkkunny/go-llvm v0.0.0-20231206033549-b4eb8bc6a1e0 h1:9UbDAwVn9ZPrWfo9TL4UWUEcU37zqTmpONm+iCSxWw4=
github.com/kkkunny/go-llvm v0.0.0-20231206033549-b4eb8bc6a1e0/go.mod h1:3vOsdDMD0flAC4YHxfqUZ2juZ40oCI/5HBIVPKGLT34=
github.com/kkkunny/go-llvm v0.0.0-20231206043412-babeb691f011 h1:cQJcaI2qGuSMd4LQKSnxVK+xHawNTKlUDt2hcj4otC4=
github.com/kkkunny/go-llvm v0.0.0-20231206043412-babeb691f011/go.mod h1:3vOsdDMD0flAC4YHxfqUZ2juZ40oCI/5HBIVPKGLT34=
github.com/kkkunny/go-llvm v0.0.0-20231206063638-5a0b53f41dfd h1:uUXKp4vABLBuL0wVIG6R451lga76M1XdMFQWflxqxrw=
github.com/kkkunny/go-llvm v0.0.0-20231206063638-5a0b53f41dfd/go.mod h1:3vOsdDMD0flAC4YHxfqUZ2juZ40oCI/5HBIVPKGLT34=
github.com/kkkunny/go-llvm v0.0.0-20231207132430-6b8518edadd6 h1:FwrywbGWhb8xKYDBcRvdwFy6IQfplkjFxFPjRDBAGQw=
github.com/kkkunny/go-llvm v0.0.0-20231207132430-6b8518edadd6/go.mod h1:3vOsdDMD0flAC4YHxfqUZ2juZ40oCI/5HBIVPKGLT34=
github.com/kkkunny/go-llvm v0.0.0-20231207145905-f93627271fcf h1:MjLRI0LhBIQE782UIodnwtoy28XgaMO3Wa6nz4TTiXU=
github.com/kkkunny/go-llvm v0.0.0-20231207145905-f93627271fcf/go.mod h1:3vOsdDMD0flAC4YHxfqUZ2juZ40oCI/5HBIVPKGLT34=
github.com/kkkunny/go-llvm v0.0.0-20231207150123-78a8eba85d86 h1:8mKQ1AGticuSVlPcjXcOmY6rd/xSHc/SpyvZ+s8k1v4=
github.com/kkkunny/go-llvm v0.0.0-20231207150123-78a8eba85d86/go.mod h1:3vOsdDMD0flAC4YHxfqUZ2juZ40oCI/5HBIVPKGLT34=
github.com/kkkunny/stl v0.0.0-20231114084730-4ad25211cae2 h1:kSnxC1FziNErpwUhUERLoQWkGkEMslsC7bnePu/fR1k=
github.com/kkkunny/stl v0.0.0-20231114084730-4ad25211cae2/go.mod h1:Ien6sco+xI1itcWSIMajp08+KTwOPvLSrLqSQLWDZwQ=
github.com/kkkunny/stl v0.0.0-20231207143523-805a6341faf4 h1:txZFYc2CvTxBYdaYWOV3qEO9tAiqoQPmcKaEJDQE5e8=
github.com/kkkunny/stl v0.0.0-20231207143523-805a6341faf4/go.mod h1:uh56Ofdtnlnunduj1ZausEz4FHL90Y+BxWF8TnLP3KQ=
github.com/pmezard/go-difflib v1.0.0 h1:4DBwDE0NGyQoBHbLQYPwSUPoCMWR5BEzIk/f1lZbAQM=
github.com/pmezard/go-difflib v1.0.0/go.mod h1:iKH77koFhYxTK1pcRnkKkqfTogsbg7gZNVY4sRDYZ/4=
github.com/samber/lo v1.38.1 h1:j2XEAqXKb09Am4ebOg31SpvzUTTs6EN3VfgeLUhPdXM=
github.com/samber/lo v1.38.1/go.mod h1:+m/ZKRl6ClXCE2Lgf3MsQlWfh4bn1bz6CXEOxnEXnEA=
github.com/stretchr/testify v1.8.4 h1:CcVxjf3Q8PM0mHUKJCdn+eZZtm5yQwehR5yeSVQQcUk=
github.com/stretchr/testify v1.8.4/go.mod h1:sz/lmYIOXD/1dqDmKjjqLyZ2RngseejIcXlSw2iwfAo=
github.com/xo/terminfo v0.0.0-20210125001918-ca9a967f8778 h1:QldyIu/L63oPpyvQmHgvgickp1Yw510KJOqX7H24mg8=
github.com/xo/terminfo v0.0.0-20210125001918-ca9a967f8778/go.mod h1:2MuV+tbUrU1zIOPMxZ5EncGwgmMJsa+9ucAQZXxsObs=
golang.org/x/exp v0.0.0-20230905200255-921286631fa9 h1:GoHiUyI/Tp2nVkLI2mCxVkOjsbSXD66ic0XW0js0R9g=
golang.org/x/exp v0.0.0-20230905200255-921286631fa9/go.mod h1:S2oDrQGGwySpoQPVqRShND87VCbxmc6bL1Yd2oYrm6k=
golang.org/x/sys v0.12.0 h1:CM0HF96J0hcLAwsHPJZjfdNzs0gftsLfgKt57wWHJ0o=
golang.org/x/sys v0.12.0/go.mod h1:oPkhp1MJrh7nUepCBck5+mAzfO9JrbApNNgaTdGDITg=
gopkg.in/yaml.v3 v3.0.1 h1:fxVm/GzAzEWqLHuvctI91KS9hhNmmWOoWu0XTYJS7CA=
gopkg.in/yaml.v3 v3.0.1/go.mod h1:K4uyk7z7BCEPqu6E+C64Yfv1cQ7kz7rIZviUmN+EgEM=
