github.com/kkkunny/go-llvm v0.0.0-20231211085630-645376e96b05 h1:BwWRbpYjRIlyqUeAFsLY5pwOXiJaJOQ2ciBCuGDRjuY=
github.com/kkkunny/go-llvm v0.0.0-20231211085630-645376e96b05/go.mod h1:3vOsdDMD0flAC4YHxfqUZ2juZ40oCI/5HBIVPKGLT34=
github.com/kkkunny/go-llvm v0.0.0-20231211123616-ac9b8433f29c h1:79ntjojyIaDj2JrpC6l3qdJTGRJ0Mxr3MEFkZ3Exi+E=
github.com/kkkunny/go-llvm v0.0.0-20231211123616-ac9b8433f29c/go.mod h1:3vOsdDMD0flAC4YHxfqUZ2juZ40oCI/5HBIVPKGLT34=
github.com/kkkunny/stl v0.0.0-20231210143620-4dbf6480fb22 h1:mSOCw/TRZtTb5IitfJPLNdLzxB+bNSd5+4eaVAym/LE=
github.com/kkkunny/stl v0.0.0-20231210143620-4dbf6480fb22/go.mod h1:Ien6sco+xI1itcWSIMajp08+KTwOPvLSrLqSQLWDZwQ=
github.com/kkkunny/stl v0.0.0-20231211130034-b464741edf80 h1:RnlDN3QvQJXkQlrHkGj9zOWSrcEMkfuvj7qsv8QXd+4=
github.com/kkkunny/stl v0.0.0-20231211130034-b464741edf80/go.mod h1:Ien6sco+xI1itcWSIMajp08+KTwOPvLSrLqSQLWDZwQ=
github.com/kkkunny/stl v0.0.0-20231211155739-a86ec5255d50 h1:aCPilhmHv12cPo/AV1qk/2Me9qBXL3v9ph6+yZ7V0gI=
github.com/kkkunny/stl v0.0.0-20231211155739-a86ec5255d50/go.mod h1:Ien6sco+xI1itcWSIMajp08+KTwOPvLSrLqSQLWDZwQ=
github.com/kkkunny/stl v0.0.0-20231212073335-a384a9d34069 h1:9xHDZrIBG7I89kJ1/wOzgJQcEVFeclpO4fJYBzS1hUg=
github.com/kkkunny/stl v0.0.0-20231212073335-a384a9d34069/go.mod h1:71jSsUPotqiOXmkzi8qTwe5H/XGBAzjSQTG7JTSXOvY=
github.com/kkkunny/stl v0.0.0-20231213034516-43022c78d6ca h1:4ELly/x/XNeQrtjv6m0m3KLiV2lZf7JsZ+mEJvN2kgY=
github.com/kkkunny/stl v0.0.0-20231213034516-43022c78d6ca/go.mod h1:71jSsUPotqiOXmkzi8qTwe5H/XGBAzjSQTG7JTSXOvY=
github.com/kkkunny/stl v0.0.0-20231213123933-58c6a2d89860 h1:GQHpn/9mXOn4w27WQdoy2bA/bRjL04BQ0Yi6RtRcBGM=
github.com/kkkunny/stl v0.0.0-20231213123933-58c6a2d89860/go.mod h1:71jSsUPotqiOXmkzi8qTwe5H/XGBAzjSQTG7JTSXOvY=
github.com/samber/lo v1.39.0 h1:4gTz1wUhNYLhFSKl6O+8peW0v2F4BCY034GRpU9WnuA=
github.com/samber/lo v1.39.0/go.mod h1:+m/ZKRl6ClXCE2Lgf3MsQlWfh4bn1bz6CXEOxnEXnEA=
golang.org/x/exp v0.0.0-20230905200255-921286631fa9 h1:GoHiUyI/Tp2nVkLI2mCxVkOjsbSXD66ic0XW0js0R9g=
golang.org/x/exp v0.0.0-20230905200255-921286631fa9/go.mod h1:S2oDrQGGwySpoQPVqRShND87VCbxmc6bL1Yd2oYrm6k=
